lockfileVersion: '6.0'

settings:
  autoInstallPeers: true
  excludeLinksFromLockfile: false

dependencies:
  '@nanostores/lit':
    specifier: ^0.2.0
    version: 0.2.0(lit@2.8.0)(nanostores@0.9.4)
  lit:
    specifier: ^2.8.0
    version: 2.8.0
  nanostores:
    specifier: ^0.9.4
    version: 0.9.4

devDependencies:
  '@trivago/prettier-plugin-sort-imports':
    specifier: ^4.2.1
    version: 4.2.1(prettier@3.0.3)
  prettier:
    specifier: ^3.0.3
    version: 3.0.3
  tsc-alias:
    specifier: ^1.8.8
    version: 1.8.8
  typescript:
    specifier: ^5.2.2
    version: 5.2.2

packages:
  /@babel/code-frame@7.22.13:
    resolution:
      {
        integrity: sha512-XktuhWlJ5g+3TJXc5upd9Ks1HutSArik6jf2eAjYFyIOf4ej3RN+184cZbzDvbPnuTJIUhPKKJE3cIsYTiAT3w==,
      }
    engines: { node: '>=6.9.0' }
    dependencies:
      '@babel/highlight': 7.22.20
      chalk: 2.4.2
    dev: true

  /@babel/generator@7.17.7:
    resolution:
      {
        integrity: sha512-oLcVCTeIFadUoArDTwpluncplrYBmTCCZZgXCbgNGvOBBiSDDK3eWO4b/+eOTli5tKv1lg+a5/NAXg+nTcei1w==,
      }
    engines: { node: '>=6.9.0' }
    dependencies:
      '@babel/types': 7.17.0
      jsesc: 2.5.2
      source-map: 0.5.7
    dev: true

  /@babel/generator@7.23.0:
    resolution:
      {
        integrity: sha512-lN85QRR+5IbYrMWM6Y4pE/noaQtg4pNiqeNGX60eqOfo6gtEj6uw/JagelB8vVztSd7R6M5n1+PQkDbHbBRU4g==,
      }
    engines: { node: '>=6.9.0' }
    dependencies:
      '@babel/types': 7.23.0
      '@jridgewell/gen-mapping': 0.3.3
      '@jridgewell/trace-mapping': 0.3.20
      jsesc: 2.5.2
    dev: true

  /@babel/helper-environment-visitor@7.22.20:
    resolution:
      {
        integrity: sha512-zfedSIzFhat/gFhWfHtgWvlec0nqB9YEIVrpuwjruLlXfUSnA8cJB0miHKwqDnQ7d32aKo2xt88/xZptwxbfhA==,
      }
    engines: { node: '>=6.9.0' }
    dev: true

  /@babel/helper-function-name@7.23.0:
    resolution:
      {
        integrity: sha512-OErEqsrxjZTJciZ4Oo+eoZqeW9UIiOcuYKRJA4ZAgV9myA+pOXhhmpfNCKjEH/auVfEYVFJ6y1Tc4r0eIApqiw==,
      }
    engines: { node: '>=6.9.0' }
    dependencies:
      '@babel/template': 7.22.15
      '@babel/types': 7.23.0
    dev: true

  /@babel/helper-hoist-variables@7.22.5:
    resolution:
      {
        integrity: sha512-wGjk9QZVzvknA6yKIUURb8zY3grXCcOZt+/7Wcy8O2uctxhplmUPkOdlgoNhmdVee2c92JXbf1xpMtVNbfoxRw==,
      }
    engines: { node: '>=6.9.0' }
    dependencies:
      '@babel/types': 7.23.0
    dev: true

  /@babel/helper-split-export-declaration@7.22.6:
    resolution:
      {
        integrity: sha512-AsUnxuLhRYsisFiaJwvp1QF+I3KjD5FOxut14q/GzovUe6orHLesW2C7d754kRm53h5gqrz6sFl6sxc4BVtE/g==,
      }
    engines: { node: '>=6.9.0' }
    dependencies:
      '@babel/types': 7.23.0
    dev: true

  /@babel/helper-string-parser@7.22.5:
    resolution:
      {
        integrity: sha512-mM4COjgZox8U+JcXQwPijIZLElkgEpO5rsERVDJTc2qfCDfERyob6k5WegS14SX18IIjv+XD+GrqNumY5JRCDw==,
      }
    engines: { node: '>=6.9.0' }
    dev: true

  /@babel/helper-validator-identifier@7.22.20:
    resolution:
      {
        integrity: sha512-Y4OZ+ytlatR8AI+8KZfKuL5urKp7qey08ha31L8b3BwewJAoJamTzyvxPR/5D+KkdJCGPq/+8TukHBlY10FX9A==,
      }
    engines: { node: '>=6.9.0' }
    dev: true

  /@babel/highlight@7.22.20:
    resolution:
      {
        integrity: sha512-dkdMCN3py0+ksCgYmGG8jKeGA/8Tk+gJwSYYlFGxG5lmhfKNoAy004YpLxpS1W2J8m/EK2Ew+yOs9pVRwO89mg==,
      }
    engines: { node: '>=6.9.0' }
    dependencies:
      '@babel/helper-validator-identifier': 7.22.20
      chalk: 2.4.2
      js-tokens: 4.0.0
    dev: true

  /@babel/parser@7.23.0:
    resolution:
      {
        integrity: sha512-vvPKKdMemU85V9WE/l5wZEmImpCtLqbnTvqDS2U1fJ96KrxoW7KrXhNsNCblQlg8Ck4b85yxdTyelsMUgFUXiw==,
      }
    engines: { node: '>=6.0.0' }
    hasBin: true
    dependencies:
      '@babel/types': 7.17.0
    dev: true

  /@babel/template@7.22.15:
    resolution:
      {
        integrity: sha512-QPErUVm4uyJa60rkI73qneDacvdvzxshT3kksGqlGWYdOTIUOwJ7RDUL8sGqslY1uXWSL6xMFKEXDS3ox2uF0w==,
      }
    engines: { node: '>=6.9.0' }
    dependencies:
      '@babel/code-frame': 7.22.13
      '@babel/parser': 7.23.0
      '@babel/types': 7.23.0
    dev: true

  /@babel/traverse@7.23.2:
    resolution:
      {
        integrity: sha512-azpe59SQ48qG6nu2CzcMLbxUudtN+dOM9kDbUqGq3HXUJRlo7i8fvPoxQUzYgLZ4cMVmuZgm8vvBpNeRhd6XSw==,
      }
    engines: { node: '>=6.9.0' }
    dependencies:
      '@babel/code-frame': 7.22.13
      '@babel/generator': 7.23.0
      '@babel/helper-environment-visitor': 7.22.20
      '@babel/helper-function-name': 7.23.0
      '@babel/helper-hoist-variables': 7.22.5
      '@babel/helper-split-export-declaration': 7.22.6
      '@babel/parser': 7.23.0
      '@babel/types': 7.23.0
      debug: 4.3.4
      globals: 11.12.0
    transitivePeerDependencies:
      - supports-color
    dev: true

  /@babel/types@7.17.0:
    resolution:
      {
        integrity: sha512-TmKSNO4D5rzhL5bjWFcVHHLETzfQ/AmbKpKPOSjlP0WoHZ6L911fgoOKY4Alp/emzG4cHJdyN49zpgkbXFEHHw==,
      }
    engines: { node: '>=6.9.0' }
    dependencies:
      '@babel/helper-validator-identifier': 7.22.20
      to-fast-properties: 2.0.0
    dev: true

  /@babel/types@7.23.0:
    resolution:
      {
        integrity: sha512-0oIyUfKoI3mSqMvsxBdclDwxXKXAUA8v/apZbc+iSyARYou1o8ZGDxbUYyLFoW2arqS2jDGqJuZvv1d/io1axg==,
      }
    engines: { node: '>=6.9.0' }
    dependencies:
      '@babel/helper-string-parser': 7.22.5
      '@babel/helper-validator-identifier': 7.22.20
      to-fast-properties: 2.0.0
    dev: true

  /@jridgewell/gen-mapping@0.3.3:
    resolution:
      {
        integrity: sha512-HLhSWOLRi875zjjMG/r+Nv0oCW8umGb0BgEhyX3dDX3egwZtB8PqLnjz3yedt8R5StBrzcg4aBpnh8UA9D1BoQ==,
      }
    engines: { node: '>=6.0.0' }
    dependencies:
      '@jridgewell/set-array': 1.1.2
      '@jridgewell/sourcemap-codec': 1.4.15
      '@jridgewell/trace-mapping': 0.3.20
    dev: true

  /@jridgewell/resolve-uri@3.1.1:
    resolution:
      {
        integrity: sha512-dSYZh7HhCDtCKm4QakX0xFpsRDqjjtZf/kjI/v3T3Nwt5r8/qz/M19F9ySyOqU94SXBmeG9ttTul+YnR4LOxFA==,
      }
    engines: { node: '>=6.0.0' }
    dev: true

  /@jridgewell/set-array@1.1.2:
    resolution:
      {
        integrity: sha512-xnkseuNADM0gt2bs+BvhO0p78Mk762YnZdsuzFV018NoG1Sj1SCQvpSqa7XUaTam5vAGasABV9qXASMKnFMwMw==,
      }
    engines: { node: '>=6.0.0' }
    dev: true

  /@jridgewell/sourcemap-codec@1.4.15:
    resolution:
      {
        integrity: sha512-eF2rxCRulEKXHTRiDrDy6erMYWqNw4LPdQ8UQA4huuxaQsVeRPFl2oM8oDGxMFhJUWZf9McpLtJasDDZb/Bpeg==,
      }
    dev: true

  /@jridgewell/trace-mapping@0.3.20:
    resolution:
      {
        integrity: sha512-R8LcPeWZol2zR8mmH3JeKQ6QRCFb7XgUhV9ZlGhHLGyg4wpPiPZNQOOWhFZhxKw8u//yTbNGI42Bx/3paXEQ+Q==,
      }
    dependencies:
      '@jridgewell/resolve-uri': 3.1.1
      '@jridgewell/sourcemap-codec': 1.4.15
    dev: true

  /@lit-labs/ssr-dom-shim@1.1.2:
    resolution:
      {
        integrity: sha512-jnOD+/+dSrfTWYfSXBXlo5l5f0q1UuJo3tkbMDCYA2lKUYq79jaxqtGEvnRoh049nt1vdo1+45RinipU6FGY2g==,
      }
    dev: false

  /@lit/reactive-element@1.6.3:
    resolution:
      {
        integrity: sha512-QuTgnG52Poic7uM1AN5yJ09QMe0O28e10XzSvWDz02TJiiKee4stsiownEIadWm8nYzyDAyT+gKzUoZmiWQtsQ==,
      }
    dependencies:
      '@lit-labs/ssr-dom-shim': 1.1.2
    dev: false

  /@nanostores/lit@0.2.0(lit@2.8.0)(nanostores@0.9.4):
    resolution:
      {
        integrity: sha512-slKYnuPOgS0+E0twx54SNtHqXWA0S2/Rdm/iZHHmFUyqblYRuDQlp2LrPQR6YmQwr/Ji+5/XDRUYkI1Mdy7giQ==,
      }
    peerDependencies:
      lit: ^2.6.0 || ^3.0.0
      nanostores: ^0.7 || ^0.8 || ^0.9
    dependencies:
      lit: 2.8.0
      nanostores: 0.9.4
    dev: false

  /@nodelib/fs.scandir@2.1.5:
    resolution:
      {
        integrity: sha512-vq24Bq3ym5HEQm2NKCr3yXDwjc7vTsEThRDnkp2DK9p1uqLR+DHurm/NOTo0KG7HYHU7eppKZj3MyqYuMBf62g==,
      }
    engines: { node: '>= 8' }
    dependencies:
      '@nodelib/fs.stat': 2.0.5
      run-parallel: 1.2.0
    dev: true

  /@nodelib/fs.stat@2.0.5:
    resolution:
      {
        integrity: sha512-RkhPPp2zrqDAQA/2jNhnztcPAlv64XdhIp7a7454A5ovI7Bukxgt7MX7udwAu3zg1DcpPU0rz3VV1SeaqvY4+A==,
      }
    engines: { node: '>= 8' }
    dev: true

  /@nodelib/fs.walk@1.2.8:
    resolution:
      {
        integrity: sha512-oGB+UxlgWcgQkgwo8GcEGwemoTFt3FIO9ababBmaGwXIoBKZ+GTy0pP185beGg7Llih/NSHSV2XAs1lnznocSg==,
      }
    engines: { node: '>= 8' }
    dependencies:
      '@nodelib/fs.scandir': 2.1.5
      fastq: 1.15.0
    dev: true

  /@trivago/prettier-plugin-sort-imports@4.2.1(prettier@3.0.3):
    resolution:
      {
        integrity: sha512-iuy2MPVURGdxILTchHr15VAioItuYBejKfcTmQFlxIuqA7jeaT6ngr5aUIG6S6U096d6a6lJCgaOwlRrPLlOPg==,
      }
    peerDependencies:
      '@vue/compiler-sfc': 3.x
      prettier: 2.x - 3.x
    peerDependenciesMeta:
      '@vue/compiler-sfc':
        optional: true
    dependencies:
      '@babel/generator': 7.17.7
      '@babel/parser': 7.23.0
      '@babel/traverse': 7.23.2
      '@babel/types': 7.17.0
      javascript-natural-sort: 0.7.1
      lodash: 4.17.21
      prettier: 3.0.3
    transitivePeerDependencies:
      - supports-color
    dev: true

  /@types/trusted-types@2.0.6:
    resolution:
      {
        integrity: sha512-HYtNooPvUY9WAVRBr4u+4Qa9fYD1ze2IUlAD3HoA6oehn1taGwBx3Oa52U4mTslTS+GAExKpaFu39Y5xUEwfjg==,
      }
    dev: false

  /ansi-styles@3.2.1:
    resolution:
      {
        integrity: sha512-VT0ZI6kZRdTh8YyJw3SMbYm/u+NqfsAxEpWO0Pf9sq8/e94WxxOpPKx9FR1FlyCtOVDNOQ+8ntlqFxiRc+r5qA==,
      }
    engines: { node: '>=4' }
    dependencies:
      color-convert: 1.9.3
    dev: true

  /anymatch@3.1.3:
    resolution:
      {
        integrity: sha512-KMReFUr0B4t+D+OBkjR3KYqvocp2XaSzO55UcB6mgQMd3KbcE+mWTyvVV7D/zsdEbNnV6acZUutkiHQXvTr1Rw==,
      }
    engines: { node: '>= 8' }
    dependencies:
      normalize-path: 3.0.0
      picomatch: 2.3.1
    dev: true

  /array-union@2.1.0:
    resolution:
      {
        integrity: sha512-HGyxoOTYUyCM6stUe6EJgnd4EoewAI7zMdfqO+kGjnlZmBDz/cR5pf8r/cR4Wq60sL/p0IkcjUEEPwS3GFrIyw==,
      }
    engines: { node: '>=8' }
    dev: true

  /binary-extensions@2.2.0:
    resolution:
      {
        integrity: sha512-jDctJ/IVQbZoJykoeHbhXpOlNBqGNcwXJKJog42E5HDPUwQTSdjCHdihjj0DlnheQ7blbT6dHOafNAiS8ooQKA==,
      }
    engines: { node: '>=8' }
    dev: true

  /braces@3.0.2:
    resolution:
      {
        integrity: sha512-b8um+L1RzM3WDSzvhm6gIz1yfTbBt6YTlcEKAvsmqCZZFw46z626lVj9j1yEPW33H5H+lBQpZMP1k8l+78Ha0A==,
      }
    engines: { node: '>=8' }
    dependencies:
      fill-range: 7.0.1
    dev: true

  /chalk@2.4.2:
    resolution:
      {
        integrity: sha512-Mti+f9lpJNcwF4tWV8/OrTTtF1gZi+f8FqlyAdouralcFWFQWF2+NgCHShjkCb+IFBLq9buZwE1xckQU4peSuQ==,
      }
    engines: { node: '>=4' }
    dependencies:
      ansi-styles: 3.2.1
      escape-string-regexp: 1.0.5
      supports-color: 5.5.0
    dev: true

  /chokidar@3.5.3:
    resolution:
      {
        integrity: sha512-Dr3sfKRP6oTcjf2JmUmFJfeVMvXBdegxB0iVQ5eb2V10uFJUCAS8OByZdVAyVb8xXNz3GjjTgj9kLWsZTqE6kw==,
      }
    engines: { node: '>= 8.10.0' }
    dependencies:
      anymatch: 3.1.3
      braces: 3.0.2
      glob-parent: 5.1.2
      is-binary-path: 2.1.0
      is-glob: 4.0.3
      normalize-path: 3.0.0
      readdirp: 3.6.0
    optionalDependencies:
      fsevents: 2.3.3
    dev: true

  /color-convert@1.9.3:
    resolution:
      {
        integrity: sha512-QfAUtd+vFdAtFQcC8CCyYt1fYWxSqAiK2cSD6zDB8N3cpsEBAvRxp9zOGg6G/SHHJYAT88/az/IuDGALsNVbGg==,
      }
    dependencies:
      color-name: 1.1.3
    dev: true

  /color-name@1.1.3:
    resolution:
      {
        integrity: sha512-72fSenhMw2HZMTVHeCA9KCmpEIbzWiQsjN+BHcBbS9vr1mtt+vJjPdksIBNUmKAW8TFUDPJK5SUU3QhE9NEXDw==,
      }
    dev: true

  /commander@9.5.0:
    resolution:
      {
        integrity: sha512-KRs7WVDKg86PWiuAqhDrAQnTXZKraVcCc6vFdL14qrZ/DcWwuRo7VoiYXalXO7S5GKpqYiVEwCbgFDfxNHKJBQ==,
      }
    engines: { node: ^12.20.0 || >=14 }
    requiresBuild: true
    dev: true

  /debug@4.3.4:
    resolution:
      {
        integrity: sha512-PRWFHuSU3eDtQJPvnNY7Jcket1j0t5OuOsFzPPzsekD52Zl8qUfFIPEiswXqIvHWGVHOgX+7G/vCNNhehwxfkQ==,
      }
    engines: { node: '>=6.0' }
    peerDependencies:
      supports-color: '*'
    peerDependenciesMeta:
      supports-color:
        optional: true
    dependencies:
      ms: 2.1.2
    dev: true

  /dir-glob@3.0.1:
    resolution:
      {
        integrity: sha512-WkrWp9GR4KXfKGYzOLmTuGVi1UWFfws377n9cc55/tb6DuqyF6pcQ5AbiHEshaDpY9v6oaSr2XCDidGmMwdzIA==,
      }
    engines: { node: '>=8' }
    dependencies:
      path-type: 4.0.0
    dev: true

  /escape-string-regexp@1.0.5:
    resolution:
      {
        integrity: sha512-vbRorB5FUQWvla16U8R/qgaFIya2qGzwDrNmCZuYKrbdSUMG6I1ZCGQRefkRVhuOkIGVne7BQ35DSfo1qvJqFg==,
      }
    engines: { node: '>=0.8.0' }
    dev: true

  /fast-glob@3.3.2:
    resolution:
      {
        integrity: sha512-oX2ruAFQwf/Orj8m737Y5adxDQO0LAB7/S5MnxCdTNDd4p6BsyIVsv9JQsATbTSq8KHRpLwIHbVlUNatxd+1Ow==,
      }
    engines: { node: '>=8.6.0' }
    dependencies:
      '@nodelib/fs.stat': 2.0.5
      '@nodelib/fs.walk': 1.2.8
      glob-parent: 5.1.2
      merge2: 1.4.1
      micromatch: 4.0.5
    dev: true

  /fastq@1.15.0:
    resolution:
      {
        integrity: sha512-wBrocU2LCXXa+lWBt8RoIRD89Fi8OdABODa/kEnyeyjS5aZO5/GNvI5sEINADqP/h8M29UHTHUb53sUu5Ihqdw==,
      }
    dependencies:
      reusify: 1.0.4
    dev: true

  /fill-range@7.0.1:
    resolution:
      {
        integrity: sha512-qOo9F+dMUmC2Lcb4BbVvnKJxTPjCm+RRpe4gDuGrzkL7mEVl/djYSu2OdQ2Pa302N4oqkSg9ir6jaLWJ2USVpQ==,
      }
    engines: { node: '>=8' }
    dependencies:
      to-regex-range: 5.0.1
    dev: true

  /fsevents@2.3.3:
    resolution:
      {
        integrity: sha512-5xoDfX+fL7faATnagmWPpbFtwh/R77WmMMqqHGS65C3vvB0YHrgF+B1YmZ3441tMj5n63k0212XNoJwzlhffQw==,
      }
    engines: { node: ^8.16.0 || ^10.6.0 || >=11.0.0 }
    os: [darwin]
    requiresBuild: true
    dev: true
    optional: true

  /glob-parent@5.1.2:
    resolution:
      {
        integrity: sha512-AOIgSQCepiJYwP3ARnGx+5VnTu2HBYdzbGP45eLw1vr3zB3vZLeyed1sC9hnbcOc9/SrMyM5RPQrkGz4aS9Zow==,
      }
    engines: { node: '>= 6' }
    dependencies:
      is-glob: 4.0.3
    dev: true

  /globals@11.12.0:
    resolution:
      {
        integrity: sha512-WOBp/EEGUiIsJSp7wcv/y6MO+lV9UoncWqxuFfm8eBwzWNgyfBd6Gz+IeKQ9jCmyhoH99g15M3T+QaVHFjizVA==,
      }
    engines: { node: '>=4' }
    dev: true

  /globby@11.1.0:
    resolution:
      {
        integrity: sha512-jhIXaOzy1sb8IyocaruWSn1TjmnBVs8Ayhcy83rmxNJ8q2uWKCAj3CnJY+KpGSXCueAPc0i05kVvVKtP1t9S3g==,
      }
    engines: { node: '>=10' }
    dependencies:
      array-union: 2.1.0
      dir-glob: 3.0.1
      fast-glob: 3.3.2
      ignore: 5.2.4
      merge2: 1.4.1
      slash: 3.0.0
    dev: true

  /has-flag@3.0.0:
    resolution:
      {
        integrity: sha512-sKJf1+ceQBr4SMkvQnBDNDtf4TXpVhVGateu0t918bl30FnbE2m4vNLX+VWe/dpjlb+HugGYzW7uQXH98HPEYw==,
      }
    engines: { node: '>=4' }
    dev: true

  /ignore@5.2.4:
    resolution:
      {
        integrity: sha512-MAb38BcSbH0eHNBxn7ql2NH/kX33OkB3lZ1BNdh7ENeRChHTYsTvWrMubiIAMNS2llXEEgZ1MUOBtXChP3kaFQ==,
      }
    engines: { node: '>= 4' }
    dev: true

  /is-binary-path@2.1.0:
    resolution:
      {
        integrity: sha512-ZMERYes6pDydyuGidse7OsHxtbI7WVeUEozgR/g7rd0xUimYNlvZRE/K2MgZTjWy725IfelLeVcEM97mmtRGXw==,
      }
    engines: { node: '>=8' }
    dependencies:
      binary-extensions: 2.2.0
    dev: true

  /is-extglob@2.1.1:
    resolution:
      {
        integrity: sha512-SbKbANkN603Vi4jEZv49LeVJMn4yGwsbzZworEoyEiutsN3nJYdbO36zfhGJ6QEDpOZIFkDtnq5JRxmvl3jsoQ==,
      }
    engines: { node: '>=0.10.0' }
    dev: true

  /is-glob@4.0.3:
    resolution:
      {
        integrity: sha512-xelSayHH36ZgE7ZWhli7pW34hNbNl8Ojv5KVmkJD4hBdD3th8Tfk9vYasLM+mXWOZhFkgZfxhLSnrwRr4elSSg==,
      }
    engines: { node: '>=0.10.0' }
    dependencies:
      is-extglob: 2.1.1
    dev: true

  /is-number@7.0.0:
    resolution:
      {
        integrity: sha512-41Cifkg6e8TylSpdtTpeLVMqvSBEVzTttHvERD741+pnZ8ANv0004MRL43QKPDlK9cGvNp6NZWZUBlbGXYxxng==,
      }
    engines: { node: '>=0.12.0' }
    dev: true

  /javascript-natural-sort@0.7.1:
    resolution:
      {
        integrity: sha512-nO6jcEfZWQXDhOiBtG2KvKyEptz7RVbpGP4vTD2hLBdmNQSsCiicO2Ioinv6UI4y9ukqnBpy+XZ9H6uLNgJTlw==,
      }
    dev: true

  /js-tokens@4.0.0:
    resolution:
      {
        integrity: sha512-RdJUflcE3cUzKiMqQgsCu06FPu9UdIJO0beYbPhHN4k6apgJtifcoCtT9bcxOpYBtpD2kCM6Sbzg4CausW/PKQ==,
      }
    dev: true

  /jsesc@2.5.2:
    resolution:
      {
        integrity: sha512-OYu7XEzjkCQ3C5Ps3QIZsQfNpqoJyZZA99wd9aWd05NCtC5pWOkShK2mkL6HXQR6/Cy2lbNdPlZBpuQHXE63gA==,
      }
    engines: { node: '>=4' }
    hasBin: true
    dev: true

  /lit-element@3.3.3:
    resolution:
      {
        integrity: sha512-XbeRxmTHubXENkV4h8RIPyr8lXc+Ff28rkcQzw3G6up2xg5E8Zu1IgOWIwBLEQsu3cOVFqdYwiVi0hv0SlpqUA==,
      }
    dependencies:
      '@lit-labs/ssr-dom-shim': 1.1.2
      '@lit/reactive-element': 1.6.3
      lit-html: 2.8.0
    dev: false

  /lit-html@2.8.0:
    resolution:
      {
        integrity: sha512-o9t+MQM3P4y7M7yNzqAyjp7z+mQGa4NS4CxiyLqFPyFWyc4O+nodLrkrxSaCTrla6M5YOLaT3RpbbqjszB5g3Q==,
      }
    dependencies:
      '@types/trusted-types': 2.0.6
    dev: false

  /lit@2.8.0:
    resolution:
      {
        integrity: sha512-4Sc3OFX9QHOJaHbmTMk28SYgVxLN3ePDjg7hofEft2zWlehFL3LiAuapWc4U/kYwMYJSh2hTCPZ6/LIC7ii0MA==,
      }
    dependencies:
      '@lit/reactive-element': 1.6.3
      lit-element: 3.3.3
      lit-html: 2.8.0
    dev: false

  /lodash@4.17.21:
    resolution:
      {
        integrity: sha512-v2kDEe57lecTulaDIuNTPy3Ry4gLGJ6Z1O3vE1krgXZNrsQ+LFTGHVxVjcXPs17LhbZVGedAJv8XZ1tvj5FvSg==,
      }
    dev: true

  /merge2@1.4.1:
    resolution:
      {
        integrity: sha512-8q7VEgMJW4J8tcfVPy8g09NcQwZdbwFEqhe/WZkoIzjn/3TGDwtOCYtXGxA3O8tPzpczCCDgv+P2P5y00ZJOOg==,
      }
    engines: { node: '>= 8' }
    dev: true

  /micromatch@4.0.5:
    resolution:
      {
        integrity: sha512-DMy+ERcEW2q8Z2Po+WNXuw3c5YaUSFjAO5GsJqfEl7UjvtIuFKO6ZrKvcItdy98dwFI2N1tg3zNIdKaQT+aNdA==,
      }
    engines: { node: '>=8.6' }
    dependencies:
      braces: 3.0.2
      picomatch: 2.3.1
    dev: true

  /ms@2.1.2:
    resolution:
      {
        integrity: sha512-sGkPx+VjMtmA6MX27oA4FBFELFCZZ4S4XqeGOXCv68tT+jb3vk/RyaKWP0PTKyWtmLSM0b+adUTEvbs1PEaH2w==,
      }
    dev: true

  /mylas@2.1.13:
    resolution:
      {
        integrity: sha512-+MrqnJRtxdF+xngFfUUkIMQrUUL0KsxbADUkn23Z/4ibGg192Q+z+CQyiYwvWTsYjJygmMR8+w3ZDa98Zh6ESg==,
      }
    engines: { node: '>=12.0.0' }
    dev: true

  /nanostores@0.9.4:
    resolution:
      {
        integrity: sha512-BVFzKt6K5P8tYQLL7MItqcev7jpspA5pIjv+Ck3k6wBnUlwCJcpkGTIinj4APvx8SvdP9fXDGoMRCTY6DO/9QA==,
      }
    engines: { node: ^16.0.0 || ^18.0.0 || >=20.0.0 }
    dev: false

  /normalize-path@3.0.0:
    resolution:
      {
        integrity: sha512-6eZs5Ls3WtCisHWp9S2GUy8dqkpGi4BVSz3GaqiE6ezub0512ESztXUwUB6C6IKbQkY2Pnb/mD4WYojCRwcwLA==,
      }
    engines: { node: '>=0.10.0' }
    dev: true

  /path-type@4.0.0:
    resolution:
      {
        integrity: sha512-gDKb8aZMDeD/tZWs9P6+q0J9Mwkdl6xMV8TjnGP3qJVJ06bdMgkbBlLU8IdfOsIsFz2BW1rNVT3XuNEl8zPAvw==,
      }
    engines: { node: '>=8' }
    dev: true

  /picomatch@2.3.1:
    resolution:
      {
        integrity: sha512-JU3teHTNjmE2VCGFzuY8EXzCDVwEqB2a8fsIvwaStHhAWJEeVd1o1QD80CU6+ZdEXXSLbSsuLwJjkCBWqRQUVA==,
      }
    engines: { node: '>=8.6' }
    dev: true

  /plimit-lit@1.6.1:
    resolution:
      {
        integrity: sha512-B7+VDyb8Tl6oMJT9oSO2CW8XC/T4UcJGrwOVoNGwOQsQYhlpfajmrMj5xeejqaASq3V/EqThyOeATEOMuSEXiA==,
      }
    engines: { node: '>=12' }
    dependencies:
      queue-lit: 1.5.2
    dev: true

  /prettier@3.0.3:
    resolution:
      {
        integrity: sha512-L/4pUDMxcNa8R/EthV08Zt42WBO4h1rarVtK0K+QJG0X187OLo7l699jWw0GKuwzkPQ//jMFA/8Xm6Fh3J/DAg==,
      }
    engines: { node: '>=14' }
    hasBin: true
    dev: true

  /queue-lit@1.5.2:
    resolution:
      {
        integrity: sha512-tLc36IOPeMAubu8BkW8YDBV+WyIgKlYU7zUNs0J5Vk9skSZ4JfGlPOqplP0aHdfv7HL0B2Pg6nwiq60Qc6M2Hw==,
      }
    engines: { node: '>=12' }
    dev: true

  /queue-microtask@1.2.3:
    resolution:
      {
        integrity: sha512-NuaNSa6flKT5JaSYQzJok04JzTL1CA6aGhv5rfLW3PgqA+M2ChpZQnAC8h8i4ZFkBS8X5RqkDBHA7r4hej3K9A==,
      }
    dev: true

  /readdirp@3.6.0:
    resolution:
      {
        integrity: sha512-hOS089on8RduqdbhvQ5Z37A0ESjsqz6qnRcffsMU3495FuTdqSm+7bhJ29JvIOsBDEEnan5DPu9t3To9VRlMzA==,
      }
    engines: { node: '>=8.10.0' }
    dependencies:
      picomatch: 2.3.1
    dev: true

  /reusify@1.0.4:
    resolution:
      {
        integrity: sha512-U9nH88a3fc/ekCF1l0/UP1IosiuIjyTh7hBvXVMHYgVcfGvt897Xguj2UOLDeI5BG2m7/uwyaLVT6fbtCwTyzw==,
      }
    engines: { iojs: '>=1.0.0', node: '>=0.10.0' }
    dev: true

  /run-parallel@1.2.0:
    resolution:
      {
        integrity: sha512-5l4VyZR86LZ/lDxZTR6jqL8AFE2S0IFLMP26AbjsLVADxHdhB/c0GUsH+y39UfCi3dzz8OlQuPmnaJOMoDHQBA==,
      }
    dependencies:
      queue-microtask: 1.2.3
    dev: true

  /slash@3.0.0:
    resolution:
      {
        integrity: sha512-g9Q1haeby36OSStwb4ntCGGGaKsaVSjQ68fBxoQcutl5fS1vuY18H3wSt3jFyFtrkx+Kz0V1G85A4MyAdDMi2Q==,
      }
    engines: { node: '>=8' }
    dev: true

  /source-map@0.5.7:
    resolution:
      {
        integrity: sha512-LbrmJOMUSdEVxIKvdcJzQC+nQhe8FUZQTXQy6+I75skNgn3OoQ0DZA8YnFa7gp8tqtL3KPf1kmo0R5DoApeSGQ==,
      }
    engines: { node: '>=0.10.0' }
    dev: true

  /supports-color@5.5.0:
    resolution:
      {
        integrity: sha512-QjVjwdXIt408MIiAqCX4oUKsgU2EqAGzs2Ppkm4aQYbjm+ZEWEcW4SfFNTr4uMNZma0ey4f5lgLrkB0aX0QMow==,
      }
    engines: { node: '>=4' }
    dependencies:
      has-flag: 3.0.0
    dev: true

  /to-fast-properties@2.0.0:
    resolution:
      {
        integrity: sha512-/OaKK0xYrs3DmxRYqL/yDc+FxFUVYhDlXMhRmv3z915w2HF1tnN1omB354j8VUGO/hbRzyD6Y3sA7v7GS/ceog==,
      }
    engines: { node: '>=4' }
    dev: true

  /to-regex-range@5.0.1:
    resolution:
      {
        integrity: sha512-65P7iz6X5yEr1cwcgvQxbbIw7Uk3gOy5dIdtZ4rDveLqhrdJP+Li/Hx6tyK0NEb+2GCyneCMJiGqrADCSNk8sQ==,
      }
    engines: { node: '>=8.0' }
    dependencies:
      is-number: 7.0.0
    dev: true

  /tsc-alias@1.8.8:
    resolution:
      {
        integrity: sha512-OYUOd2wl0H858NvABWr/BoSKNERw3N9GTi3rHPK8Iv4O1UyUXIrTTOAZNHsjlVpXFOhpJBVARI1s+rzwLivN3Q==,
      }
    hasBin: true
    dependencies:
      chokidar: 3.5.3
      commander: 9.5.0
      globby: 11.1.0
      mylas: 2.1.13
      normalize-path: 3.0.0
      plimit-lit: 1.6.1
    dev: true

  /typescript@5.2.2:
    resolution:
      {
        integrity: sha512-mI4WrpHsbCIcwT9cF4FZvr80QUeKvsUsUvKDoR+X/7XHQH98xYD8YHZg7ANtz2GtZt/CBq2QJ0thkGJMHfqc1w==,
      }
    engines: { node: '>=14.17' }
    hasBin: true
    dev: true
